
Microsoft Visual Studio Solution File, Format Version 12.00
# Visual Studio Version 16
VisualStudioVersion = 16.0.31829.152
MinimumVisualStudioVersion = 10.0.40219.1
Project("{9A19103F-16F7-4668-BE54-9A1E7A4F7556}") = "SortCardsApp", "SortCardsApp\SortCardsApp.csproj", "{7005CBD6-283F-4BFF-8B4F-7247DC50408B}"
EndProject
Project("{FAE04EC0-301F-11D3-BF4B-00C04F79EFBC}") = "SortsGameApp.Test", "SortsGameApp.Test\SortsGameApp.Test.csproj", "{38E0596B-F35B-4D24-A9D1-DFDA5F779217}"
EndProject
Global
	GlobalSection(SolutionConfigurationPlatforms) = preSolution
		Debug|Any CPU = Debug|Any CPU
		Release|Any CPU = Release|Any CPU
	EndGlobalSection
	GlobalSection(ProjectConfigurationPlatforms) = postSolution
		{7005CBD6-283F-4BFF-8B4F-7247DC50408B}.Debug|Any CPU.ActiveCfg = Debug|Any CPU
		{7005CBD6-283F-4BFF-8B4F-7247DC50408B}.Debug|Any CPU.Build.0 = Debug|Any CPU
		{7005CBD6-283F-4BFF-8B4F-7247DC50408B}.Release|Any CPU.ActiveCfg = Release|Any CPU
		{7005CBD6-283F-4BFF-8B4F-7247DC50408B}.Release|Any CPU.Build.0 = Release|Any CPU
		{38E0596B-F35B-4D24-A9D1-DFDA5F779217}.Debug|Any CPU.ActiveCfg = Debug|Any CPU
		{38E0596B-F35B-4D24-A9D1-DFDA5F779217}.Debug|Any CPU.Build.0 = Debug|Any CPU
		{38E0596B-F35B-4D24-A9D1-DFDA5F779217}.Release|Any CPU.ActiveCfg = Release|Any CPU
		{38E0596B-F35B-4D24-A9D1-DFDA5F779217}.Release|Any CPU.Build.0 = Release|Any CPU
	EndGlobalSection
	GlobalSection(SolutionProperties) = preSolution
		HideSolutionNode = FALSE
	EndGlobalSection
	GlobalSection(ExtensibilityGlobals) = postSolution
		SolutionGuid = {7950A275-0162-43BD-8488-0205F6877305}
	EndGlobalSection
EndGlobal
